
Microsoft Visual Studio Solution File, Format Version 12.00
# Visual Studio Version 17
VisualStudioVersion = 17.8.34330.188
MinimumVisualStudioVersion = 10.0.40219.1
Project("{9A19103F-16F7-4668-BE54-9A1E7A4F7556}") = "SNStalcraftRequestLib", "SNStalcraftRequestLib.csproj", "{4913F48A-7A76-41E1-84D7-40C75017B5D2}"
EndProject
Project("{FAE04EC0-301F-11D3-BF4B-00C04F79EFBC}") = "SNStalcraftRequestLibTests", "..\SNStalcraftRequestLibTests\SNStalcraftRequestLibTests.csproj", "{1E4219A4-5C79-419D-905E-8D86CDBE584F}"
EndProject
Global
	GlobalSection(SolutionConfigurationPlatforms) = preSolution
		Debug|Any CPU = Debug|Any CPU
		Release|Any CPU = Release|Any CPU
	EndGlobalSection
	GlobalSection(ProjectConfigurationPlatforms) = postSolution
		{4913F48A-7A76-41E1-84D7-40C75017B5D2}.Debug|Any CPU.ActiveCfg = Debug|Any CPU
		{4913F48A-7A76-41E1-84D7-40C75017B5D2}.Debug|Any CPU.Build.0 = Debug|Any CPU
		{4913F48A-7A76-41E1-84D7-40C75017B5D2}.Release|Any CPU.ActiveCfg = Release|Any CPU
		{4913F48A-7A76-41E1-84D7-40C75017B5D2}.Release|Any CPU.Build.0 = Release|Any CPU
		{1E4219A4-5C79-419D-905E-8D86CDBE584F}.Debug|Any CPU.ActiveCfg = Debug|Any CPU
		{1E4219A4-5C79-419D-905E-8D86CDBE584F}.Debug|Any CPU.Build.0 = Debug|Any CPU
		{1E4219A4-5C79-419D-905E-8D86CDBE584F}.Release|Any CPU.ActiveCfg = Release|Any CPU
		{1E4219A4-5C79-419D-905E-8D86CDBE584F}.Release|Any CPU.Build.0 = Release|Any CPU
	EndGlobalSection
	GlobalSection(SolutionProperties) = preSolution
		HideSolutionNode = FALSE
	EndGlobalSection
	GlobalSection(ExtensibilityGlobals) = postSolution
		SolutionGuid = {698571DD-F99F-4203-907E-4F161992957A}
	EndGlobalSection
EndGlobal
